
Microsoft Visual Studio Solution File, Format Version 12.00
# Visual Studio Version 17
VisualStudioVersion = 17.8.34525.116
MinimumVisualStudioVersion = 10.0.40219.1
Project("{FAE04EC0-301F-11D3-BF4B-00C04F79EFBC}") = "Экзамен", "Экзамен\Экзамен.csproj", "{80980730-7B47-4F9F-BA9F-0A6D09263031}"
EndProject
Global
	GlobalSection(SolutionConfigurationPlatforms) = preSolution
		Debug|Any CPU = Debug|Any CPU
		Release|Any CPU = Release|Any CPU
	EndGlobalSection
	GlobalSection(ProjectConfigurationPlatforms) = postSolution
		{80980730-7B47-4F9F-BA9F-0A6D09263031}.Debug|Any CPU.ActiveCfg = Debug|Any CPU
		{80980730-7B47-4F9F-BA9F-0A6D09263031}.Debug|Any CPU.Build.0 = Debug|Any CPU
		{80980730-7B47-4F9F-BA9F-0A6D09263031}.Release|Any CPU.ActiveCfg = Release|Any CPU
		{80980730-7B47-4F9F-BA9F-0A6D09263031}.Release|Any CPU.Build.0 = Release|Any CPU
	EndGlobalSection
	GlobalSection(SolutionProperties) = preSolution
		HideSolutionNode = FALSE
	EndGlobalSection
	GlobalSection(ExtensibilityGlobals) = postSolution
		SolutionGuid = {EA3B3C47-D16C-438A-B9C3-72ACC97D7C80}
	EndGlobalSection
EndGlobal
